
Microsoft Visual Studio Solution File, Format Version 12.00
# Visual Studio Version 16
VisualStudioVersion = 16.0.29806.167
MinimumVisualStudioVersion = 10.0.40219.1
Project("{2150E333-8FDC-42A3-9474-1A3956D46DE8}") = "Creational", "Creational", "{FB25297F-28D3-4776-8D23-DBDA85FD35C2}"
EndProject
Project("{9A19103F-16F7-4668-BE54-9A1E7A4F7556}") = "FactoryMethod", "Creational\FactoryMethod\FactoryMethod.csproj", "{96917CF3-14E6-49A5-88A9-85D9727233FA}"
EndProject
Project("{9A19103F-16F7-4668-BE54-9A1E7A4F7556}") = "AbstractFactory", "Creational\AbstractFactory\AbstractFactory.csproj", "{4C1A9DA5-879A-4851-81FC-4C7FFFC730BC}"
EndProject
Project("{9A19103F-16F7-4668-BE54-9A1E7A4F7556}") = "Builder", "Creational\Builder\Builder.csproj", "{12B18B2F-6256-47E1-B1E4-1F744C7756FD}"
EndProject
Project("{2150E333-8FDC-42A3-9474-1A3956D46DE8}") = "Structural", "Structural", "{36F1835F-9629-4667-BFD7-45470D48A398}"
EndProject
Project("{9A19103F-16F7-4668-BE54-9A1E7A4F7556}") = "Proxy", "Structural\Proxy\Proxy.csproj", "{CC9E9172-1E0E-4863-97E1-B8E2949AD6CC}"
EndProject
Project("{9A19103F-16F7-4668-BE54-9A1E7A4F7556}") = "Composite", "Structural\Composite\Composite.csproj", "{753809F9-CE41-42DA-AC0F-CCF79C3E3BF5}"
EndProject
Project("{9A19103F-16F7-4668-BE54-9A1E7A4F7556}") = "Facade", "Structural\Facade\Facade.csproj", "{4CE779E1-102B-470D-AE74-6E1D72A0403A}"
EndProject
Project("{9A19103F-16F7-4668-BE54-9A1E7A4F7556}") = "Bridge", "Structural\Bridge\Bridge.csproj", "{9E72BE2E-18AA-4158-8C43-D513346787F4}"
EndProject
Project("{2150E333-8FDC-42A3-9474-1A3956D46DE8}") = "Behavioral", "Behavioral", "{039663C0-AA3A-4169-A35A-19F12D736BE0}"
EndProject
Project("{9A19103F-16F7-4668-BE54-9A1E7A4F7556}") = "Strategy", "Behavioral\Strategy\Strategy.csproj", "{7E59D974-220E-4B2C-864B-B51A25CD7CE0}"
EndProject
Project("{FAE04EC0-301F-11D3-BF4B-00C04F79EFBC}") = "Decorator", "Structural\Decorator\Decorator.csproj", "{F59B4F4F-0156-4688-A750-E591D7FAA3E1}"
EndProject
Project("{FAE04EC0-301F-11D3-BF4B-00C04F79EFBC}") = "Mediator", "Behavioral\Mediator\Mediator.csproj", "{C1278169-7DD3-4424-A2F3-A48CA87B6B01}"
EndProject
Global
	GlobalSection(SolutionConfigurationPlatforms) = preSolution
		Debug|Any CPU = Debug|Any CPU
		Release|Any CPU = Release|Any CPU
	EndGlobalSection
	GlobalSection(ProjectConfigurationPlatforms) = postSolution
		{96917CF3-14E6-49A5-88A9-85D9727233FA}.Debug|Any CPU.ActiveCfg = Debug|Any CPU
		{96917CF3-14E6-49A5-88A9-85D9727233FA}.Debug|Any CPU.Build.0 = Debug|Any CPU
		{96917CF3-14E6-49A5-88A9-85D9727233FA}.Release|Any CPU.ActiveCfg = Release|Any CPU
		{96917CF3-14E6-49A5-88A9-85D9727233FA}.Release|Any CPU.Build.0 = Release|Any CPU
		{4C1A9DA5-879A-4851-81FC-4C7FFFC730BC}.Debug|Any CPU.ActiveCfg = Debug|Any CPU
		{4C1A9DA5-879A-4851-81FC-4C7FFFC730BC}.Debug|Any CPU.Build.0 = Debug|Any CPU
		{4C1A9DA5-879A-4851-81FC-4C7FFFC730BC}.Release|Any CPU.ActiveCfg = Release|Any CPU
		{4C1A9DA5-879A-4851-81FC-4C7FFFC730BC}.Release|Any CPU.Build.0 = Release|Any CPU
		{12B18B2F-6256-47E1-B1E4-1F744C7756FD}.Debug|Any CPU.ActiveCfg = Debug|Any CPU
		{12B18B2F-6256-47E1-B1E4-1F744C7756FD}.Debug|Any CPU.Build.0 = Debug|Any CPU
		{12B18B2F-6256-47E1-B1E4-1F744C7756FD}.Release|Any CPU.ActiveCfg = Release|Any CPU
		{12B18B2F-6256-47E1-B1E4-1F744C7756FD}.Release|Any CPU.Build.0 = Release|Any CPU
		{CC9E9172-1E0E-4863-97E1-B8E2949AD6CC}.Debug|Any CPU.ActiveCfg = Debug|Any CPU
		{CC9E9172-1E0E-4863-97E1-B8E2949AD6CC}.Debug|Any CPU.Build.0 = Debug|Any CPU
		{CC9E9172-1E0E-4863-97E1-B8E2949AD6CC}.Release|Any CPU.ActiveCfg = Release|Any CPU
		{CC9E9172-1E0E-4863-97E1-B8E2949AD6CC}.Release|Any CPU.Build.0 = Release|Any CPU
		{753809F9-CE41-42DA-AC0F-CCF79C3E3BF5}.Debug|Any CPU.ActiveCfg = Debug|Any CPU
		{753809F9-CE41-42DA-AC0F-CCF79C3E3BF5}.Debug|Any CPU.Build.0 = Debug|Any CPU
		{753809F9-CE41-42DA-AC0F-CCF79C3E3BF5}.Release|Any CPU.ActiveCfg = Release|Any CPU
		{753809F9-CE41-42DA-AC0F-CCF79C3E3BF5}.Release|Any CPU.Build.0 = Release|Any CPU
		{4CE779E1-102B-470D-AE74-6E1D72A0403A}.Debug|Any CPU.ActiveCfg = Debug|Any CPU
		{4CE779E1-102B-470D-AE74-6E1D72A0403A}.Debug|Any CPU.Build.0 = Debug|Any CPU
		{4CE779E1-102B-470D-AE74-6E1D72A0403A}.Release|Any CPU.ActiveCfg = Release|Any CPU
		{4CE779E1-102B-470D-AE74-6E1D72A0403A}.Release|Any CPU.Build.0 = Release|Any CPU
		{9E72BE2E-18AA-4158-8C43-D513346787F4}.Debug|Any CPU.ActiveCfg = Debug|Any CPU
		{9E72BE2E-18AA-4158-8C43-D513346787F4}.Debug|Any CPU.Build.0 = Debug|Any CPU
		{9E72BE2E-18AA-4158-8C43-D513346787F4}.Release|Any CPU.ActiveCfg = Release|Any CPU
		{9E72BE2E-18AA-4158-8C43-D513346787F4}.Release|Any CPU.Build.0 = Release|Any CPU
		{7E59D974-220E-4B2C-864B-B51A25CD7CE0}.Debug|Any CPU.ActiveCfg = Debug|Any CPU
		{7E59D974-220E-4B2C-864B-B51A25CD7CE0}.Debug|Any CPU.Build.0 = Debug|Any CPU
		{7E59D974-220E-4B2C-864B-B51A25CD7CE0}.Release|Any CPU.ActiveCfg = Release|Any CPU
		{7E59D974-220E-4B2C-864B-B51A25CD7CE0}.Release|Any CPU.Build.0 = Release|Any CPU
		{F59B4F4F-0156-4688-A750-E591D7FAA3E1}.Debug|Any CPU.ActiveCfg = Debug|Any CPU
		{F59B4F4F-0156-4688-A750-E591D7FAA3E1}.Debug|Any CPU.Build.0 = Debug|Any CPU
		{F59B4F4F-0156-4688-A750-E591D7FAA3E1}.Release|Any CPU.ActiveCfg = Release|Any CPU
		{F59B4F4F-0156-4688-A750-E591D7FAA3E1}.Release|Any CPU.Build.0 = Release|Any CPU
		{C1278169-7DD3-4424-A2F3-A48CA87B6B01}.Debug|Any CPU.ActiveCfg = Debug|Any CPU
		{C1278169-7DD3-4424-A2F3-A48CA87B6B01}.Debug|Any CPU.Build.0 = Debug|Any CPU
		{C1278169-7DD3-4424-A2F3-A48CA87B6B01}.Release|Any CPU.ActiveCfg = Release|Any CPU
		{C1278169-7DD3-4424-A2F3-A48CA87B6B01}.Release|Any CPU.Build.0 = Release|Any CPU
	EndGlobalSection
	GlobalSection(SolutionProperties) = preSolution
		HideSolutionNode = FALSE
	EndGlobalSection
	GlobalSection(NestedProjects) = preSolution
		{96917CF3-14E6-49A5-88A9-85D9727233FA} = {FB25297F-28D3-4776-8D23-DBDA85FD35C2}
		{4C1A9DA5-879A-4851-81FC-4C7FFFC730BC} = {FB25297F-28D3-4776-8D23-DBDA85FD35C2}
		{12B18B2F-6256-47E1-B1E4-1F744C7756FD} = {FB25297F-28D3-4776-8D23-DBDA85FD35C2}
		{CC9E9172-1E0E-4863-97E1-B8E2949AD6CC} = {36F1835F-9629-4667-BFD7-45470D48A398}
		{753809F9-CE41-42DA-AC0F-CCF79C3E3BF5} = {36F1835F-9629-4667-BFD7-45470D48A398}
		{4CE779E1-102B-470D-AE74-6E1D72A0403A} = {36F1835F-9629-4667-BFD7-45470D48A398}
		{9E72BE2E-18AA-4158-8C43-D513346787F4} = {36F1835F-9629-4667-BFD7-45470D48A398}
		{7E59D974-220E-4B2C-864B-B51A25CD7CE0} = {039663C0-AA3A-4169-A35A-19F12D736BE0}
		{F59B4F4F-0156-4688-A750-E591D7FAA3E1} = {36F1835F-9629-4667-BFD7-45470D48A398}
		{C1278169-7DD3-4424-A2F3-A48CA87B6B01} = {039663C0-AA3A-4169-A35A-19F12D736BE0}
	EndGlobalSection
	GlobalSection(ExtensibilityGlobals) = postSolution
		SolutionGuid = {CFB698E1-9DA2-4FF0-9BBB-0F9F8EADC89B}
	EndGlobalSection
EndGlobal
